// !$*UTF8*$!
{
	archiveVersion = 1;
	classes = {
	};
	objectVersion = 46;
	objects = {

/* Begin PBXBuildFile section */
		09265801BD1F4A77BAD64C74 /* libPods.a in Frameworks */ = {isa = PBXBuildFile; fileRef = F4C2F64DEDAE4C19917B5459 /* libPods.a */; };
		5A0CD983190C2192004A1267 /* Foundation.framework in Frameworks */ = {isa = PBXBuildFile; fileRef = 5A0CD982190C2192004A1267 /* Foundation.framework */; };
		5A0CD985190C2192004A1267 /* CoreGraphics.framework in Frameworks */ = {isa = PBXBuildFile; fileRef = 5A0CD984190C2192004A1267 /* CoreGraphics.framework */; };
		5A0CD987190C2192004A1267 /* UIKit.framework in Frameworks */ = {isa = PBXBuildFile; fileRef = 5A0CD986190C2192004A1267 /* UIKit.framework */; };
		5A0CD98D190C2192004A1267 /* InfoPlist.strings in Resources */ = {isa = PBXBuildFile; fileRef = 5A0CD98B190C2192004A1267 /* InfoPlist.strings */; };
		5A0CD98F190C2192004A1267 /* main.m in Sources */ = {isa = PBXBuildFile; fileRef = 5A0CD98E190C2192004A1267 /* main.m */; };
		5A0CD993190C2192004A1267 /* MGAppDelegate.m in Sources */ = {isa = PBXBuildFile; fileRef = 5A0CD992190C2192004A1267 /* MGAppDelegate.m */; };
		5A0CD996190C2192004A1267 /* Main.storyboard in Resources */ = {isa = PBXBuildFile; fileRef = 5A0CD994190C2192004A1267 /* Main.storyboard */; };
		5A0CD99B190C2192004A1267 /* Images.xcassets in Resources */ = {isa = PBXBuildFile; fileRef = 5A0CD99A190C2192004A1267 /* Images.xcassets */; };
		5A0CD9A2190C2192004A1267 /* XCTest.framework in Frameworks */ = {isa = PBXBuildFile; fileRef = 5A0CD9A1190C2192004A1267 /* XCTest.framework */; };
		5A0CD9A3190C2192004A1267 /* Foundation.framework in Frameworks */ = {isa = PBXBuildFile; fileRef = 5A0CD982190C2192004A1267 /* Foundation.framework */; };
		5A0CD9A4190C2192004A1267 /* UIKit.framework in Frameworks */ = {isa = PBXBuildFile; fileRef = 5A0CD986190C2192004A1267 /* UIKit.framework */; };
		5A0CD9AC190C2192004A1267 /* InfoPlist.strings in Resources */ = {isa = PBXBuildFile; fileRef = 5A0CD9AA190C2192004A1267 /* InfoPlist.strings */; };
		5A0CD9AE190C2192004A1267 /* Deal_byTests.m in Sources */ = {isa = PBXBuildFile; fileRef = 5A0CD9AD190C2192004A1267 /* Deal_byTests.m */; };
		5A0CD9B9190C327D004A1267 /* MGOrderListTableViewController.m in Sources */ = {isa = PBXBuildFile; fileRef = 5A0CD9B8190C327D004A1267 /* MGOrderListTableViewController.m */; };
		5A0CD9BD190C359E004A1267 /* MGOrderAPI.m in Sources */ = {isa = PBXBuildFile; fileRef = 5A0CD9BC190C359E004A1267 /* MGOrderAPI.m */; };
		5A0CD9C7190C4396004A1267 /* MGOrderListCell.m in Sources */ = {isa = PBXBuildFile; fileRef = 5A0CD9C6190C4396004A1267 /* MGOrderListCell.m */; };
		5A0CD9CA190C4896004A1267 /* MGOrder.m in Sources */ = {isa = PBXBuildFile; fileRef = 5A0CD9C9190C4896004A1267 /* MGOrder.m */; };
		5A0CD9CE190C4B50004A1267 /* NSDate+DateParser.m in Sources */ = {isa = PBXBuildFile; fileRef = 5A0CD9CD190C4B50004A1267 /* NSDate+DateParser.m */; };
		5A0CD9D2190C83B4004A1267 /* MGDetailOrderViewController.m in Sources */ = {isa = PBXBuildFile; fileRef = 5A0CD9D1190C83B4004A1267 /* MGDetailOrderViewController.m */; };
		5A0CD9D8190C84C3004A1267 /* MGItemCell.m in Sources */ = {isa = PBXBuildFile; fileRef = 5A0CD9D7190C84C3004A1267 /* MGItemCell.m */; };
		5A0CD9DB190C8608004A1267 /* MGDetailOrderCell.m in Sources */ = {isa = PBXBuildFile; fileRef = 5A0CD9DA190C8608004A1267 /* MGDetailOrderCell.m */; };
		5A0CD9DF190D59BF004A1267 /* MGSearchOrderCell.m in Sources */ = {isa = PBXBuildFile; fileRef = 5A0CD9DE190D59BF004A1267 /* MGSearchOrderCell.m */; };
		5A24C7F2190EF5BA009E2BB0 /* MGSplashViewController.m in Sources */ = {isa = PBXBuildFile; fileRef = 5A24C7F1190EF5BA009E2BB0 /* MGSplashViewController.m */; };
		5A24C7FB1910417B009E2BB0 /* MGItem.m in Sources */ = {isa = PBXBuildFile; fileRef = 5A24C7FA1910417B009E2BB0 /* MGItem.m */; };
		5AA84639190D6F3C005895F3 /* MGSearchOrderCell.xib in Resources */ = {isa = PBXBuildFile; fileRef = 5AA84638190D6F3C005895F3 /* MGSearchOrderCell.xib */; };
		5AA8463F190D9EBF005895F3 /* MGDetailOrderCell.xib in Resources */ = {isa = PBXBuildFile; fileRef = 5AA8463E190D9EBF005895F3 /* MGDetailOrderCell.xib */; };
		5AA84641190D9ECC005895F3 /* MGItemCell.xib in Resources */ = {isa = PBXBuildFile; fileRef = 5AA84640190D9ECC005895F3 /* MGItemCell.xib */; };
/* End PBXBuildFile section */

/* Begin PBXContainerItemProxy section */
		5A0CD9A5190C2192004A1267 /* PBXContainerItemProxy */ = {
			isa = PBXContainerItemProxy;
			containerPortal = 5A0CD977190C2191004A1267 /* Project object */;
			proxyType = 1;
			remoteGlobalIDString = 5A0CD97E190C2191004A1267;
			remoteInfo = Deal.by;
		};
/* End PBXContainerItemProxy section */

/* Begin PBXFileReference section */
		5119370C184B4F7BBED33589 /* Pods.xcconfig */ = {isa = PBXFileReference; includeInIndex = 1; lastKnownFileType = text.xcconfig; name = Pods.xcconfig; path = Pods/Pods.xcconfig; sourceTree = "<group>"; };
		5A0CD97F190C2192004A1267 /* Deal.by.app */ = {isa = PBXFileReference; explicitFileType = wrapper.application; includeInIndex = 0; path = Deal.by.app; sourceTree = BUILT_PRODUCTS_DIR; };
		5A0CD982190C2192004A1267 /* Foundation.framework */ = {isa = PBXFileReference; lastKnownFileType = wrapper.framework; name = Foundation.framework; path = System/Library/Frameworks/Foundation.framework; sourceTree = SDKROOT; };
		5A0CD984190C2192004A1267 /* CoreGraphics.framework */ = {isa = PBXFileReference; lastKnownFileType = wrapper.framework; name = CoreGraphics.framework; path = System/Library/Frameworks/CoreGraphics.framework; sourceTree = SDKROOT; };
		5A0CD986190C2192004A1267 /* UIKit.framework */ = {isa = PBXFileReference; lastKnownFileType = wrapper.framework; name = UIKit.framework; path = System/Library/Frameworks/UIKit.framework; sourceTree = SDKROOT; };
		5A0CD98A190C2192004A1267 /* Deal.by-Info.plist */ = {isa = PBXFileReference; lastKnownFileType = text.plist.xml; path = "Deal.by-Info.plist"; sourceTree = "<group>"; };
		5A0CD98C190C2192004A1267 /* en */ = {isa = PBXFileReference; lastKnownFileType = text.plist.strings; name = en; path = en.lproj/InfoPlist.strings; sourceTree = "<group>"; };
		5A0CD98E190C2192004A1267 /* main.m */ = {isa = PBXFileReference; lastKnownFileType = sourcecode.c.objc; path = main.m; sourceTree = "<group>"; };
		5A0CD990190C2192004A1267 /* Deal.by-Prefix.pch */ = {isa = PBXFileReference; lastKnownFileType = sourcecode.c.h; path = "Deal.by-Prefix.pch"; sourceTree = "<group>"; };
		5A0CD991190C2192004A1267 /* MGAppDelegate.h */ = {isa = PBXFileReference; lastKnownFileType = sourcecode.c.h; path = MGAppDelegate.h; sourceTree = "<group>"; };
		5A0CD992190C2192004A1267 /* MGAppDelegate.m */ = {isa = PBXFileReference; lastKnownFileType = sourcecode.c.objc; path = MGAppDelegate.m; sourceTree = "<group>"; };
		5A0CD995190C2192004A1267 /* Base */ = {isa = PBXFileReference; lastKnownFileType = file.storyboard; name = Base; path = Base.lproj/Main.storyboard; sourceTree = "<group>"; };
		5A0CD99A190C2192004A1267 /* Images.xcassets */ = {isa = PBXFileReference; lastKnownFileType = folder.assetcatalog; path = Images.xcassets; sourceTree = "<group>"; };
		5A0CD9A0190C2192004A1267 /* Deal.byTests.xctest */ = {isa = PBXFileReference; explicitFileType = wrapper.cfbundle; includeInIndex = 0; path = Deal.byTests.xctest; sourceTree = BUILT_PRODUCTS_DIR; };
		5A0CD9A1190C2192004A1267 /* XCTest.framework */ = {isa = PBXFileReference; lastKnownFileType = wrapper.framework; name = XCTest.framework; path = Library/Frameworks/XCTest.framework; sourceTree = DEVELOPER_DIR; };
		5A0CD9A9190C2192004A1267 /* Deal.byTests-Info.plist */ = {isa = PBXFileReference; lastKnownFileType = text.plist.xml; path = "Deal.byTests-Info.plist"; sourceTree = "<group>"; };
		5A0CD9AB190C2192004A1267 /* en */ = {isa = PBXFileReference; lastKnownFileType = text.plist.strings; name = en; path = en.lproj/InfoPlist.strings; sourceTree = "<group>"; };
		5A0CD9AD190C2192004A1267 /* Deal_byTests.m */ = {isa = PBXFileReference; lastKnownFileType = sourcecode.c.objc; path = Deal_byTests.m; sourceTree = "<group>"; };
		5A0CD9B7190C327D004A1267 /* MGOrderListTableViewController.h */ = {isa = PBXFileReference; fileEncoding = 4; lastKnownFileType = sourcecode.c.h; path = MGOrderListTableViewController.h; sourceTree = "<group>"; };
		5A0CD9B8190C327D004A1267 /* MGOrderListTableViewController.m */ = {isa = PBXFileReference; fileEncoding = 4; lastKnownFileType = sourcecode.c.objc; path = MGOrderListTableViewController.m; sourceTree = "<group>"; };
		5A0CD9BB190C359E004A1267 /* MGOrderAPI.h */ = {isa = PBXFileReference; fileEncoding = 4; lastKnownFileType = sourcecode.c.h; path = MGOrderAPI.h; sourceTree = "<group>"; };
		5A0CD9BC190C359E004A1267 /* MGOrderAPI.m */ = {isa = PBXFileReference; fileEncoding = 4; lastKnownFileType = sourcecode.c.objc; path = MGOrderAPI.m; sourceTree = "<group>"; };
		5A0CD9C5190C4396004A1267 /* MGOrderListCell.h */ = {isa = PBXFileReference; fileEncoding = 4; lastKnownFileType = sourcecode.c.h; path = MGOrderListCell.h; sourceTree = "<group>"; };
		5A0CD9C6190C4396004A1267 /* MGOrderListCell.m */ = {isa = PBXFileReference; fileEncoding = 4; lastKnownFileType = sourcecode.c.objc; path = MGOrderListCell.m; sourceTree = "<group>"; };
		5A0CD9C8190C4896004A1267 /* MGOrder.h */ = {isa = PBXFileReference; fileEncoding = 4; lastKnownFileType = sourcecode.c.h; path = MGOrder.h; sourceTree = "<group>"; };
		5A0CD9C9190C4896004A1267 /* MGOrder.m */ = {isa = PBXFileReference; fileEncoding = 4; lastKnownFileType = sourcecode.c.objc; path = MGOrder.m; sourceTree = "<group>"; };
		5A0CD9CC190C4B50004A1267 /* NSDate+DateParser.h */ = {isa = PBXFileReference; fileEncoding = 4; lastKnownFileType = sourcecode.c.h; path = "NSDate+DateParser.h"; sourceTree = "<group>"; };
		5A0CD9CD190C4B50004A1267 /* NSDate+DateParser.m */ = {isa = PBXFileReference; fileEncoding = 4; lastKnownFileType = sourcecode.c.objc; path = "NSDate+DateParser.m"; sourceTree = "<group>"; };
		5A0CD9D0190C83B4004A1267 /* MGDetailOrderViewController.h */ = {isa = PBXFileReference; fileEncoding = 4; lastKnownFileType = sourcecode.c.h; path = MGDetailOrderViewController.h; sourceTree = "<group>"; };
		5A0CD9D1190C83B4004A1267 /* MGDetailOrderViewController.m */ = {isa = PBXFileReference; fileEncoding = 4; lastKnownFileType = sourcecode.c.objc; path = MGDetailOrderViewController.m; sourceTree = "<group>"; };
		5A0CD9D6190C84C3004A1267 /* MGItemCell.h */ = {isa = PBXFileReference; fileEncoding = 4; lastKnownFileType = sourcecode.c.h; path = MGItemCell.h; sourceTree = "<group>"; };
		5A0CD9D7190C84C3004A1267 /* MGItemCell.m */ = {isa = PBXFileReference; fileEncoding = 4; lastKnownFileType = sourcecode.c.objc; path = MGItemCell.m; sourceTree = "<group>"; };
		5A0CD9D9190C8608004A1267 /* MGDetailOrderCell.h */ = {isa = PBXFileReference; fileEncoding = 4; lastKnownFileType = sourcecode.c.h; path = MGDetailOrderCell.h; sourceTree = "<group>"; };
		5A0CD9DA190C8608004A1267 /* MGDetailOrderCell.m */ = {isa = PBXFileReference; fileEncoding = 4; lastKnownFileType = sourcecode.c.objc; path = MGDetailOrderCell.m; sourceTree = "<group>"; };
		5A0CD9DD190D59BF004A1267 /* MGSearchOrderCell.h */ = {isa = PBXFileReference; fileEncoding = 4; lastKnownFileType = sourcecode.c.h; path = MGSearchOrderCell.h; sourceTree = "<group>"; };
		5A0CD9DE190D59BF004A1267 /* MGSearchOrderCell.m */ = {isa = PBXFileReference; fileEncoding = 4; lastKnownFileType = sourcecode.c.objc; path = MGSearchOrderCell.m; sourceTree = "<group>"; };
		5A24C7F0190EF5BA009E2BB0 /* MGSplashViewController.h */ = {isa = PBXFileReference; fileEncoding = 4; lastKnownFileType = sourcecode.c.h; path = MGSplashViewController.h; sourceTree = "<group>"; };
		5A24C7F1190EF5BA009E2BB0 /* MGSplashViewController.m */ = {isa = PBXFileReference; fileEncoding = 4; lastKnownFileType = sourcecode.c.objc; path = MGSplashViewController.m; sourceTree = "<group>"; };
		5A24C7F91910417B009E2BB0 /* MGItem.h */ = {isa = PBXFileReference; fileEncoding = 4; lastKnownFileType = sourcecode.c.h; path = MGItem.h; sourceTree = "<group>"; };
		5A24C7FA1910417B009E2BB0 /* MGItem.m */ = {isa = PBXFileReference; fileEncoding = 4; lastKnownFileType = sourcecode.c.objc; path = MGItem.m; sourceTree = "<group>"; };
		5AA84638190D6F3C005895F3 /* MGSearchOrderCell.xib */ = {isa = PBXFileReference; fileEncoding = 4; lastKnownFileType = file.xib; path = MGSearchOrderCell.xib; sourceTree = "<group>"; };
		5AA8463E190D9EBF005895F3 /* MGDetailOrderCell.xib */ = {isa = PBXFileReference; fileEncoding = 4; lastKnownFileType = file.xib; path = MGDetailOrderCell.xib; sourceTree = "<group>"; };
		5AA84640190D9ECC005895F3 /* MGItemCell.xib */ = {isa = PBXFileReference; fileEncoding = 4; lastKnownFileType = file.xib; path = MGItemCell.xib; sourceTree = "<group>"; };
		F4C2F64DEDAE4C19917B5459 /* libPods.a */ = {isa = PBXFileReference; explicitFileType = archive.ar; includeInIndex = 0; path = libPods.a; sourceTree = BUILT_PRODUCTS_DIR; };
/* End PBXFileReference section */

/* Begin PBXFrameworksBuildPhase section */
		5A0CD97C190C2191004A1267 /* Frameworks */ = {
			isa = PBXFrameworksBuildPhase;
			buildActionMask = 2147483647;
			files = (
				5A0CD985190C2192004A1267 /* CoreGraphics.framework in Frameworks */,
				5A0CD987190C2192004A1267 /* UIKit.framework in Frameworks */,
				5A0CD983190C2192004A1267 /* Foundation.framework in Frameworks */,
				09265801BD1F4A77BAD64C74 /* libPods.a in Frameworks */,
			);
			runOnlyForDeploymentPostprocessing = 0;
		};
		5A0CD99D190C2192004A1267 /* Frameworks */ = {
			isa = PBXFrameworksBuildPhase;
			buildActionMask = 2147483647;
			files = (
				5A0CD9A2190C2192004A1267 /* XCTest.framework in Frameworks */,
				5A0CD9A4190C2192004A1267 /* UIKit.framework in Frameworks */,
				5A0CD9A3190C2192004A1267 /* Foundation.framework in Frameworks */,
			);
			runOnlyForDeploymentPostprocessing = 0;
		};
/* End PBXFrameworksBuildPhase section */

/* Begin PBXGroup section */
		5A0CD976190C2191004A1267 = {
			isa = PBXGroup;
			children = (
				5A0CD988190C2192004A1267 /* Deal.by */,
				5A0CD9A7190C2192004A1267 /* Deal.byTests */,
				5A0CD981190C2192004A1267 /* Frameworks */,
				5A0CD980190C2192004A1267 /* Products */,
				5119370C184B4F7BBED33589 /* Pods.xcconfig */,
			);
			sourceTree = "<group>";
		};
		5A0CD980190C2192004A1267 /* Products */ = {
			isa = PBXGroup;
			children = (
				5A0CD97F190C2192004A1267 /* Deal.by.app */,
				5A0CD9A0190C2192004A1267 /* Deal.byTests.xctest */,
			);
			name = Products;
			sourceTree = "<group>";
		};
		5A0CD981190C2192004A1267 /* Frameworks */ = {
			isa = PBXGroup;
			children = (
				5A0CD982190C2192004A1267 /* Foundation.framework */,
				5A0CD984190C2192004A1267 /* CoreGraphics.framework */,
				5A0CD986190C2192004A1267 /* UIKit.framework */,
				5A0CD9A1190C2192004A1267 /* XCTest.framework */,
				F4C2F64DEDAE4C19917B5459 /* libPods.a */,
			);
			name = Frameworks;
			sourceTree = "<group>";
		};
		5A0CD988190C2192004A1267 /* Deal.by */ = {
			isa = PBXGroup;
			children = (
				5A0CD9BA190C34B0004A1267 /* Model */,
				5A0CD9CB190C4B1F004A1267 /* Categories */,
				5A0CD9C4190C437B004A1267 /* Cells */,
				5A0CD991190C2192004A1267 /* MGAppDelegate.h */,
				5A0CD992190C2192004A1267 /* MGAppDelegate.m */,
				5A0CD994190C2192004A1267 /* Main.storyboard */,
				5A24C7F0190EF5BA009E2BB0 /* MGSplashViewController.h */,
				5A24C7F1190EF5BA009E2BB0 /* MGSplashViewController.m */,
				5A0CD9B7190C327D004A1267 /* MGOrderListTableViewController.h */,
				5A0CD9B8190C327D004A1267 /* MGOrderListTableViewController.m */,
				5A0CD9D0190C83B4004A1267 /* MGDetailOrderViewController.h */,
				5A0CD9D1190C83B4004A1267 /* MGDetailOrderViewController.m */,
				5A0CD99A190C2192004A1267 /* Images.xcassets */,
				5A0CD989190C2192004A1267 /* Supporting Files */,
			);
			path = Deal.by;
			sourceTree = "<group>";
		};
		5A0CD989190C2192004A1267 /* Supporting Files */ = {
			isa = PBXGroup;
			children = (
				5A0CD98A190C2192004A1267 /* Deal.by-Info.plist */,
				5A0CD98B190C2192004A1267 /* InfoPlist.strings */,
				5A0CD98E190C2192004A1267 /* main.m */,
				5A0CD990190C2192004A1267 /* Deal.by-Prefix.pch */,
			);
			name = "Supporting Files";
			sourceTree = "<group>";
		};
		5A0CD9A7190C2192004A1267 /* Deal.byTests */ = {
			isa = PBXGroup;
			children = (
				5A0CD9AD190C2192004A1267 /* Deal_byTests.m */,
				5A0CD9A8190C2192004A1267 /* Supporting Files */,
			);
			path = Deal.byTests;
			sourceTree = "<group>";
		};
		5A0CD9A8190C2192004A1267 /* Supporting Files */ = {
			isa = PBXGroup;
			children = (
				5A0CD9A9190C2192004A1267 /* Deal.byTests-Info.plist */,
				5A0CD9AA190C2192004A1267 /* InfoPlist.strings */,
			);
			name = "Supporting Files";
			sourceTree = "<group>";
		};
		5A0CD9BA190C34B0004A1267 /* Model */ = {
			isa = PBXGroup;
			children = (
				5A0CD9BB190C359E004A1267 /* MGOrderAPI.h */,
				5A0CD9BC190C359E004A1267 /* MGOrderAPI.m */,
				5A0CD9C8190C4896004A1267 /* MGOrder.h */,
				5A0CD9C9190C4896004A1267 /* MGOrder.m */,
				5A24C7F91910417B009E2BB0 /* MGItem.h */,
				5A24C7FA1910417B009E2BB0 /* MGItem.m */,
			);
			name = Model;
			sourceTree = "<group>";
		};
		5A0CD9C4190C437B004A1267 /* Cells */ = {
			isa = PBXGroup;
			children = (
				5A0CD9C5190C4396004A1267 /* MGOrderListCell.h */,
				5A0CD9C6190C4396004A1267 /* MGOrderListCell.m */,
				5A0CD9DD190D59BF004A1267 /* MGSearchOrderCell.h */,
				5A0CD9DE190D59BF004A1267 /* MGSearchOrderCell.m */,
				5AA84638190D6F3C005895F3 /* MGSearchOrderCell.xib */,
				5A0CD9D9190C8608004A1267 /* MGDetailOrderCell.h */,
				5A0CD9DA190C8608004A1267 /* MGDetailOrderCell.m */,
				5AA8463E190D9EBF005895F3 /* MGDetailOrderCell.xib */,
				5A0CD9D6190C84C3004A1267 /* MGItemCell.h */,
				5A0CD9D7190C84C3004A1267 /* MGItemCell.m */,
				5AA84640190D9ECC005895F3 /* MGItemCell.xib */,
			);
			name = Cells;
			sourceTree = "<group>";
		};
		5A0CD9CB190C4B1F004A1267 /* Categories */ = {
			isa = PBXGroup;
			children = (
				5A0CD9CC190C4B50004A1267 /* NSDate+DateParser.h */,
				5A0CD9CD190C4B50004A1267 /* NSDate+DateParser.m */,
			);
			name = Categories;
			sourceTree = "<group>";
		};
/* End PBXGroup section */

/* Begin PBXNativeTarget section */
		5A0CD97E190C2191004A1267 /* Deal.by */ = {
			isa = PBXNativeTarget;
			buildConfigurationList = 5A0CD9B1190C2192004A1267 /* Build configuration list for PBXNativeTarget "Deal.by" */;
			buildPhases = (
				D48FA6AD75A344CAADE59255 /* Check Pods Manifest.lock */,
				5A0CD97B190C2191004A1267 /* Sources */,
				5A0CD97C190C2191004A1267 /* Frameworks */,
				5A0CD97D190C2191004A1267 /* Resources */,
				FDF9F4DBA95F4C7E86EEA74C /* Copy Pods Resources */,
			);
			buildRules = (
			);
			dependencies = (
			);
			name = Deal.by;
			productName = Deal.by;
			productReference = 5A0CD97F190C2192004A1267 /* Deal.by.app */;
			productType = "com.apple.product-type.application";
		};
		5A0CD99F190C2192004A1267 /* Deal.byTests */ = {
			isa = PBXNativeTarget;
			buildConfigurationList = 5A0CD9B4190C2192004A1267 /* Build configuration list for PBXNativeTarget "Deal.byTests" */;
			buildPhases = (
				5A0CD99C190C2192004A1267 /* Sources */,
				5A0CD99D190C2192004A1267 /* Frameworks */,
				5A0CD99E190C2192004A1267 /* Resources */,
			);
			buildRules = (
			);
			dependencies = (
				5A0CD9A6190C2192004A1267 /* PBXTargetDependency */,
			);
			name = Deal.byTests;
			productName = Deal.byTests;
			productReference = 5A0CD9A0190C2192004A1267 /* Deal.byTests.xctest */;
			productType = "com.apple.product-type.bundle.unit-test";
		};
/* End PBXNativeTarget section */

/* Begin PBXProject section */
		5A0CD977190C2191004A1267 /* Project object */ = {
			isa = PBXProject;
			attributes = {
				CLASSPREFIX = MG;
				LastUpgradeCheck = 0510;
				ORGANIZATIONNAME = "Morion Black";
				TargetAttributes = {
					5A0CD99F190C2192004A1267 = {
						TestTargetID = 5A0CD97E190C2191004A1267;
					};
				};
			};
			buildConfigurationList = 5A0CD97A190C2191004A1267 /* Build configuration list for PBXProject "Deal.by" */;
			compatibilityVersion = "Xcode 3.2";
			developmentRegion = English;
			hasScannedForEncodings = 0;
			knownRegions = (
				en,
				Base,
			);
			mainGroup = 5A0CD976190C2191004A1267;
			productRefGroup = 5A0CD980190C2192004A1267 /* Products */;
			projectDirPath = "";
			projectRoot = "";
			targets = (
				5A0CD97E190C2191004A1267 /* Deal.by */,
				5A0CD99F190C2192004A1267 /* Deal.byTests */,
			);
		};
/* End PBXProject section */

/* Begin PBXResourcesBuildPhase section */
		5A0CD97D190C2191004A1267 /* Resources */ = {
			isa = PBXResourcesBuildPhase;
			buildActionMask = 2147483647;
			files = (
				5AA84639190D6F3C005895F3 /* MGSearchOrderCell.xib in Resources */,
				5A0CD99B190C2192004A1267 /* Images.xcassets in Resources */,
				5AA8463F190D9EBF005895F3 /* MGDetailOrderCell.xib in Resources */,
				5A0CD98D190C2192004A1267 /* InfoPlist.strings in Resources */,
				5AA84641190D9ECC005895F3 /* MGItemCell.xib in Resources */,
				5A0CD996190C2192004A1267 /* Main.storyboard in Resources */,
			);
			runOnlyForDeploymentPostprocessing = 0;
		};
		5A0CD99E190C2192004A1267 /* Resources */ = {
			isa = PBXResourcesBuildPhase;
			buildActionMask = 2147483647;
			files = (
				5A0CD9AC190C2192004A1267 /* InfoPlist.strings in Resources */,
			);
			runOnlyForDeploymentPostprocessing = 0;
		};
/* End PBXResourcesBuildPhase section */

/* Begin PBXShellScriptBuildPhase section */
		D48FA6AD75A344CAADE59255 /* Check Pods Manifest.lock */ = {
			isa = PBXShellScriptBuildPhase;
			buildActionMask = 2147483647;
			files = (
			);
			inputPaths = (
			);
			name = "Check Pods Manifest.lock";
			outputPaths = (
			);
			runOnlyForDeploymentPostprocessing = 0;
			shellPath = /bin/sh;
			shellScript = "diff \"${PODS_ROOT}/../Podfile.lock\" \"${PODS_ROOT}/Manifest.lock\" > /dev/null\nif [[ $? != 0 ]] ; then\n    cat << EOM\nerror: The sandbox is not in sync with the Podfile.lock. Run 'pod install' or update your CocoaPods installation.\nEOM\n    exit 1\nfi\n";
			showEnvVarsInLog = 0;
		};
		FDF9F4DBA95F4C7E86EEA74C /* Copy Pods Resources */ = {
			isa = PBXShellScriptBuildPhase;
			buildActionMask = 2147483647;
			files = (
			);
			inputPaths = (
			);
			name = "Copy Pods Resources";
			outputPaths = (
			);
			runOnlyForDeploymentPostprocessing = 0;
			shellPath = /bin/sh;
			shellScript = "\"${SRCROOT}/Pods/Pods-resources.sh\"\n";
			showEnvVarsInLog = 0;
		};
/* End PBXShellScriptBuildPhase section */

/* Begin PBXSourcesBuildPhase section */
		5A0CD97B190C2191004A1267 /* Sources */ = {
			isa = PBXSourcesBuildPhase;
			buildActionMask = 2147483647;
			files = (
				5A0CD9C7190C4396004A1267 /* MGOrderListCell.m in Sources */,
				5A0CD9B9190C327D004A1267 /* MGOrderListTableViewController.m in Sources */,
				5A0CD993190C2192004A1267 /* MGAppDelegate.m in Sources */,
				5A0CD9D2190C83B4004A1267 /* MGDetailOrderViewController.m in Sources */,
				5A0CD9CE190C4B50004A1267 /* NSDate+DateParser.m in Sources */,
				5A0CD9BD190C359E004A1267 /* MGOrderAPI.m in Sources */,
				5A24C7FB1910417B009E2BB0 /* MGItem.m in Sources */,
				5A0CD9D8190C84C3004A1267 /* MGItemCell.m in Sources */,
				5A0CD9DF190D59BF004A1267 /* MGSearchOrderCell.m in Sources */,
				5A0CD98F190C2192004A1267 /* main.m in Sources */,
				5A24C7F2190EF5BA009E2BB0 /* MGSplashViewController.m in Sources */,
				5A0CD9DB190C8608004A1267 /* MGDetailOrderCell.m in Sources */,
				5A0CD9CA190C4896004A1267 /* MGOrder.m in Sources */,
			);
			runOnlyForDeploymentPostprocessing = 0;
		};
		5A0CD99C190C2192004A1267 /* Sources */ = {
			isa = PBXSourcesBuildPhase;
			buildActionMask = 2147483647;
			files = (
				5A0CD9AE190C2192004A1267 /* Deal_byTests.m in Sources */,
			);
			runOnlyForDeploymentPostprocessing = 0;
		};
/* End PBXSourcesBuildPhase section */

/* Begin PBXTargetDependency section */
		5A0CD9A6190C2192004A1267 /* PBXTargetDependency */ = {
			isa = PBXTargetDependency;
			target = 5A0CD97E190C2191004A1267 /* Deal.by */;
			targetProxy = 5A0CD9A5190C2192004A1267 /* PBXContainerItemProxy */;
		};
/* End PBXTargetDependency section */

/* Begin PBXVariantGroup section */
		5A0CD98B190C2192004A1267 /* InfoPlist.strings */ = {
			isa = PBXVariantGroup;
			children = (
				5A0CD98C190C2192004A1267 /* en */,
			);
			name = InfoPlist.strings;
			sourceTree = "<group>";
		};
		5A0CD994190C2192004A1267 /* Main.storyboard */ = {
			isa = PBXVariantGroup;
			children = (
				5A0CD995190C2192004A1267 /* Base */,
			);
			name = Main.storyboard;
			sourceTree = "<group>";
		};
		5A0CD9AA190C2192004A1267 /* InfoPlist.strings */ = {
			isa = PBXVariantGroup;
			children = (
				5A0CD9AB190C2192004A1267 /* en */,
			);
			name = InfoPlist.strings;
			sourceTree = "<group>";
		};
/* End PBXVariantGroup section */

/* Begin XCBuildConfiguration section */
		5A0CD9AF190C2192004A1267 /* Debug */ = {
			isa = XCBuildConfiguration;
			buildSettings = {
				ALWAYS_SEARCH_USER_PATHS = NO;
				CLANG_CXX_LANGUAGE_STANDARD = "gnu++0x";
				CLANG_CXX_LIBRARY = "libc++";
				CLANG_ENABLE_MODULES = YES;
				CLANG_ENABLE_OBJC_ARC = YES;
				CLANG_WARN_BOOL_CONVERSION = YES;
				CLANG_WARN_CONSTANT_CONVERSION = YES;
				CLANG_WARN_DIRECT_OBJC_ISA_USAGE = YES_ERROR;
				CLANG_WARN_EMPTY_BODY = YES;
				CLANG_WARN_ENUM_CONVERSION = YES;
				CLANG_WARN_INT_CONVERSION = YES;
				CLANG_WARN_OBJC_ROOT_CLASS = YES_ERROR;
				CLANG_WARN__DUPLICATE_METHOD_MATCH = YES;
				"CODE_SIGN_IDENTITY[sdk=iphoneos*]" = "iPhone Developer";
				COPY_PHASE_STRIP = NO;
				GCC_C_LANGUAGE_STANDARD = gnu99;
				GCC_DYNAMIC_NO_PIC = NO;
				GCC_OPTIMIZATION_LEVEL = 0;
				GCC_PREPROCESSOR_DEFINITIONS = (
					"DEBUG=1",
					"$(inherited)",
				);
				GCC_SYMBOLS_PRIVATE_EXTERN = NO;
				GCC_WARN_64_TO_32_BIT_CONVERSION = YES;
				GCC_WARN_ABOUT_RETURN_TYPE = YES_ERROR;
				GCC_WARN_UNDECLARED_SELECTOR = YES;
				GCC_WARN_UNINITIALIZED_AUTOS = YES_AGGRESSIVE;
				GCC_WARN_UNUSED_FUNCTION = YES;
				GCC_WARN_UNUSED_VARIABLE = YES;
				IPHONEOS_DEPLOYMENT_TARGET = 7.1;
				ONLY_ACTIVE_ARCH = YES;
				SDKROOT = iphoneos;
			};
			name = Debug;
		};
		5A0CD9B0190C2192004A1267 /* Release */ = {
			isa = XCBuildConfiguration;
			buildSettings = {
				ALWAYS_SEARCH_USER_PATHS = NO;
				CLANG_CXX_LANGUAGE_STANDARD = "gnu++0x";
				CLANG_CXX_LIBRARY = "libc++";
				CLANG_ENABLE_MODULES = YES;
				CLANG_ENABLE_OBJC_ARC = YES;
				CLANG_WARN_BOOL_CONVERSION = YES;
				CLANG_WARN_CONSTANT_CONVERSION = YES;
				CLANG_WARN_DIRECT_OBJC_ISA_USAGE = YES_ERROR;
				CLANG_WARN_EMPTY_BODY = YES;
				CLANG_WARN_ENUM_CONVERSION = YES;
				CLANG_WARN_INT_CONVERSION = YES;
				CLANG_WARN_OBJC_ROOT_CLASS = YES_ERROR;
				CLANG_WARN__DUPLICATE_METHOD_MATCH = YES;
				"CODE_SIGN_IDENTITY[sdk=iphoneos*]" = "iPhone Developer";
				COPY_PHASE_STRIP = YES;
				ENABLE_NS_ASSERTIONS = NO;
				GCC_C_LANGUAGE_STANDARD = gnu99;
				GCC_WARN_64_TO_32_BIT_CONVERSION = YES;
				GCC_WARN_ABOUT_RETURN_TYPE = YES_ERROR;
				GCC_WARN_UNDECLARED_SELECTOR = YES;
				GCC_WARN_UNINITIALIZED_AUTOS = YES_AGGRESSIVE;
				GCC_WARN_UNUSED_FUNCTION = YES;
				GCC_WARN_UNUSED_VARIABLE = YES;
				IPHONEOS_DEPLOYMENT_TARGET = 7.1;
				SDKROOT = iphoneos;
				VALIDATE_PRODUCT = YES;
			};
			name = Release;
		};
		5A0CD9B2190C2192004A1267 /* Debug */ = {
			isa = XCBuildConfiguration;
			baseConfigurationReference = 5119370C184B4F7BBED33589 /* Pods.xcconfig */;
			buildSettings = {
				ASSETCATALOG_COMPILER_APPICON_NAME = AppIcon;
				ASSETCATALOG_COMPILER_LAUNCHIMAGE_NAME = LaunchImage;
				GCC_PRECOMPILE_PREFIX_HEADER = YES;
				GCC_PREFIX_HEADER = "Deal.by/Deal.by-Prefix.pch";
				INFOPLIST_FILE = "Deal.by/Deal.by-Info.plist";
				PRODUCT_NAME = "$(TARGET_NAME)";
				WRAPPER_EXTENSION = app;
			};
			name = Debug;
		};
		5A0CD9B3190C2192004A1267 /* Release */ = {
			isa = XCBuildConfiguration;
			baseConfigurationReference = 5119370C184B4F7BBED33589 /* Pods.xcconfig */;
			buildSettings = {
				ASSETCATALOG_COMPILER_APPICON_NAME = AppIcon;
				ASSETCATALOG_COMPILER_LAUNCHIMAGE_NAME = LaunchImage;
				GCC_PRECOMPILE_PREFIX_HEADER = YES;
				GCC_PREFIX_HEADER = "Deal.by/Deal.by-Prefix.pch";
				INFOPLIST_FILE = "Deal.by/Deal.by-Info.plist";
				PRODUCT_NAME = "$(TARGET_NAME)";
				WRAPPER_EXTENSION = app;
			};
			name = Release;
		};
		5A0CD9B5190C2192004A1267 /* Debug */ = {
			isa = XCBuildConfiguration;
			buildSettings = {
				BUNDLE_LOADER = "$(BUILT_PRODUCTS_DIR)/Deal.by.app/Deal.by";
				FRAMEWORK_SEARCH_PATHS = (
					"$(SDKROOT)/Developer/Library/Frameworks",
					"$(inherited)",
					"$(DEVELOPER_FRAMEWORKS_DIR)",
				);
				GCC_PRECOMPILE_PREFIX_HEADER = YES;
				GCC_PREFIX_HEADER = "Deal.by/Deal.by-Prefix.pch";
				GCC_PREPROCESSOR_DEFINITIONS = (
					"DEBUG=1",
					"$(inherited)",
				);
				INFOPLIST_FILE = "Deal.byTests/Deal.byTests-Info.plist";
				PRODUCT_NAME = "$(TARGET_NAME)";
				TEST_HOST = "$(BUNDLE_LOADER)";
				WRAPPER_EXTENSION = xctest;
			};
			name = Debug;
		};
		5A0CD9B6190C2192004A1267 /* Release */ = {
			isa = XCBuildConfiguration;
			buildSettings = {
				BUNDLE_LOADER = "$(BUILT_PRODUCTS_DIR)/Deal.by.app/Deal.by";
				FRAMEWORK_SEARCH_PATHS = (
					"$(SDKROOT)/Developer/Library/Frameworks",
					"$(inherited)",
					"$(DEVELOPER_FRAMEWORKS_DIR)",
				);
				GCC_PRECOMPILE_PREFIX_HEADER = YES;
				GCC_PREFIX_HEADER = "Deal.by/Deal.by-Prefix.pch";
				INFOPLIST_FILE = "Deal.byTests/Deal.byTests-Info.plist";
				PRODUCT_NAME = "$(TARGET_NAME)";
				TEST_HOST = "$(BUNDLE_LOADER)";
				WRAPPER_EXTENSION = xctest;
			};
			name = Release;
		};
/* End XCBuildConfiguration section */

/* Begin XCConfigurationList section */
		5A0CD97A190C2191004A1267 /* Build configuration list for PBXProject "Deal.by" */ = {
			isa = XCConfigurationList;
			buildConfigurations = (
				5A0CD9AF190C2192004A1267 /* Debug */,
				5A0CD9B0190C2192004A1267 /* Release */,
			);
			defaultConfigurationIsVisible = 0;
			defaultConfigurationName = Release;
		};
		5A0CD9B1190C2192004A1267 /* Build configuration list for PBXNativeTarget "Deal.by" */ = {
			isa = XCConfigurationList;
			buildConfigurations = (
				5A0CD9B2190C2192004A1267 /* Debug */,
				5A0CD9B3190C2192004A1267 /* Release */,
			);
			defaultConfigurationIsVisible = 0;
			defaultConfigurationName = Release;
		};
		5A0CD9B4190C2192004A1267 /* Build configuration list for PBXNativeTarget "Deal.byTests" */ = {
			isa = XCConfigurationList;
			buildConfigurations = (
				5A0CD9B5190C2192004A1267 /* Debug */,
				5A0CD9B6190C2192004A1267 /* Release */,
			);
			defaultConfigurationIsVisible = 0;
			defaultConfigurationName = Release;
		};
/* End XCConfigurationList section */
	};
	rootObject = 5A0CD977190C2191004A1267 /* Project object */;
}
